{
  "name": "html",
  "version": "1.0.0",
  "lockfileVersion": 2,
  "requires": true,
  "packages": {
    "": {
      "name": "html",
      "version": "1.0.0",
      "dependencies": {
        "@kirtandesai/ol-geocoder": "^5.0.6",
        "ol": "^7.2.2",
        "ol-geocoder": "^4.1.2",
        "shapefile2geojson": "^1.0.7"
      },
      "devDependencies": {
        "vite": "^4.0.4"
      }
    },
    "node_modules/@esbuild/win32-x64": {
      "version": "0.16.17",
      "cpu": [
        "x64"
      ],
      "dev": true,
      "license": "MIT",
      "optional": true,
      "os": [
        "win32"
      ],
      "engines": {
        "node": ">=12"
      }
    },
    "node_modules/@kirtandesai/ol-geocoder": {
      "version": "5.0.6",
      "resolved": "https://registry.npmjs.org/@kirtandesai/ol-geocoder/-/ol-geocoder-5.0.6.tgz",
      "integrity": "sha512-BuyGST9PHTEB39NL5YiW3O0PvU3JUyzDDjVc2JriuvyREIoKJJ5szbwdRuvWoMnWRsiEhnTBypHD4/o8Ya2sYA==",
      "peerDependencies": {
        "ol": ">7.0.0"
      }
    },
    "node_modules/@mapbox/jsonlint-lines-primitives": {
      "version": "2.0.2",
      "engines": {
        "node": ">= 0.6"
      }
    },
    "node_modules/@mapbox/mapbox-gl-style-spec": {
      "version": "13.28.0",
      "license": "ISC",
      "dependencies": {
        "@mapbox/jsonlint-lines-primitives": "~2.0.2",
        "@mapbox/point-geometry": "^0.1.0",
        "@mapbox/unitbezier": "^0.0.0",
        "csscolorparser": "~1.0.2",
        "json-stringify-pretty-compact": "^2.0.0",
        "minimist": "^1.2.6",
        "rw": "^1.3.3",
        "sort-object": "^0.3.2"
      },
      "bin": {
        "gl-style-composite": "bin/gl-style-composite.js",
        "gl-style-format": "bin/gl-style-format.js",
        "gl-style-migrate": "bin/gl-style-migrate.js",
        "gl-style-validate": "bin/gl-style-validate.js"
      }
    },
    "node_modules/@mapbox/point-geometry": {
      "version": "0.1.0",
      "license": "ISC"
    },
    "node_modules/@mapbox/unitbezier": {
      "version": "0.0.0",
      "license": "BSD-2-Clause"
    },
    "node_modules/@petamoriken/float16": {
      "version": "3.7.1",
      "license": "MIT"
    },
    "node_modules/csscolorparser": {
      "version": "1.0.3",
      "license": "MIT"
    },
    "node_modules/earcut": {
      "version": "2.2.4",
      "license": "ISC"
    },
    "node_modules/esbuild": {
      "version": "0.16.17",
      "dev": true,
      "hasInstallScript": true,
      "license": "MIT",
      "bin": {
        "esbuild": "bin/esbuild"
      },
      "engines": {
        "node": ">=12"
      },
      "optionalDependencies": {
        "@esbuild/android-arm": "0.16.17",
        "@esbuild/android-arm64": "0.16.17",
        "@esbuild/android-x64": "0.16.17",
        "@esbuild/darwin-arm64": "0.16.17",
        "@esbuild/darwin-x64": "0.16.17",
        "@esbuild/freebsd-arm64": "0.16.17",
        "@esbuild/freebsd-x64": "0.16.17",
        "@esbuild/linux-arm": "0.16.17",
        "@esbuild/linux-arm64": "0.16.17",
        "@esbuild/linux-ia32": "0.16.17",
        "@esbuild/linux-loong64": "0.16.17",
        "@esbuild/linux-mips64el": "0.16.17",
        "@esbuild/linux-ppc64": "0.16.17",
        "@esbuild/linux-riscv64": "0.16.17",
        "@esbuild/linux-s390x": "0.16.17",
        "@esbuild/linux-x64": "0.16.17",
        "@esbuild/netbsd-x64": "0.16.17",
        "@esbuild/openbsd-x64": "0.16.17",
        "@esbuild/sunos-x64": "0.16.17",
        "@esbuild/win32-arm64": "0.16.17",
        "@esbuild/win32-ia32": "0.16.17",
        "@esbuild/win32-x64": "0.16.17"
      }
    },
    "node_modules/function-bind": {
      "version": "1.1.1",
      "dev": true,
      "license": "MIT"
    },
    "node_modules/geotiff": {
      "version": "2.0.7",
      "license": "MIT",
      "dependencies": {
        "@petamoriken/float16": "^3.4.7",
        "lerc": "^3.0.0",
        "pako": "^2.0.4",
        "parse-headers": "^2.0.2",
        "quick-lru": "^6.1.1",
        "web-worker": "^1.2.0",
        "xml-utils": "^1.0.2"
      },
      "engines": {
        "node": ">=10.19"
      }
    },
    "node_modules/has": {
      "version": "1.0.3",
      "dev": true,
      "license": "MIT",
      "dependencies": {
        "function-bind": "^1.1.1"
      },
      "engines": {
        "node": ">= 0.4.0"
      }
    },
    "node_modules/ieee754": {
      "version": "1.2.1",
      "funding": [
        {
          "type": "github",
          "url": "https://github.com/sponsors/feross"
        },
        {
          "type": "patreon",
          "url": "https://www.patreon.com/feross"
        },
        {
          "type": "consulting",
          "url": "https://feross.org/support"
        }
      ],
      "license": "BSD-3-Clause"
    },
    "node_modules/is-core-module": {
      "version": "2.9.0",
      "dev": true,
      "license": "MIT",
      "dependencies": {
        "has": "^1.0.3"
      },
      "funding": {
        "url": "https://github.com/sponsors/ljharb"
      }
    },
    "node_modules/json-stringify-pretty-compact": {
      "version": "2.0.0",
      "license": "MIT"
    },
    "node_modules/lerc": {
      "version": "3.0.0",
      "license": "Apache-2.0"
    },
    "node_modules/mapbox-to-css-font": {
      "version": "2.4.2",
      "license": "BSD-2-Clause"
    },
    "node_modules/minimist": {
      "version": "1.2.7",
      "license": "MIT",
      "funding": {
        "url": "https://github.com/sponsors/ljharb"
      }
    },
    "node_modules/nanoid": {
      "version": "3.3.4",
      "dev": true,
      "license": "MIT",
      "bin": {
        "nanoid": "bin/nanoid.cjs"
      },
      "engines": {
        "node": "^10 || ^12 || ^13.7 || ^14 || >=15.0.1"
      }
    },
    "node_modules/ol": {
      "version": "7.2.2",
      "license": "BSD-2-Clause",
      "dependencies": {
        "earcut": "^2.2.3",
        "geotiff": "^2.0.7",
        "ol-mapbox-style": "^9.2.0",
        "pbf": "3.2.1",
        "rbush": "^3.0.1"
      },
      "funding": {
        "type": "opencollective",
        "url": "https://opencollective.com/openlayers"
      }
    },
    "node_modules/ol-geocoder": {
      "version": "4.1.2",
      "resolved": "https://registry.npmjs.org/ol-geocoder/-/ol-geocoder-4.1.2.tgz",
      "integrity": "sha512-QAXpZ04u/hbqjpYOQndN4TSbWyJesqRBLKdRcudILI/FtvvzSGqoJMQ9cnRggCo1tBLR6EXAuwdHH7Zytryrqg==",
      "peerDependencies": {
        "ol": ">4.1.0"
      }
    },
    "node_modules/ol-mapbox-style": {
      "version": "9.4.0",
      "license": "BSD-2-Clause",
      "dependencies": {
        "@mapbox/mapbox-gl-style-spec": "^13.23.1",
        "mapbox-to-css-font": "^2.4.1"
      }
    },
    "node_modules/pako": {
      "version": "2.1.0",
      "license": "(MIT AND Zlib)"
    },
    "node_modules/parse-headers": {
      "version": "2.0.5",
      "license": "MIT"
    },
    "node_modules/path-parse": {
      "version": "1.0.7",
      "dev": true,
      "license": "MIT"
    },
    "node_modules/pbf": {
      "version": "3.2.1",
      "license": "BSD-3-Clause",
      "dependencies": {
        "ieee754": "^1.1.12",
        "resolve-protobuf-schema": "^2.1.0"
      },
      "bin": {
        "pbf": "bin/pbf"
      }
    },
    "node_modules/picocolors": {
      "version": "1.0.0",
      "dev": true,
      "license": "ISC"
    },
    "node_modules/postcss": {
      "version": "8.4.21",
      "dev": true,
      "funding": [
        {
          "type": "opencollective",
          "url": "https://opencollective.com/postcss/"
        },
        {
          "type": "tidelift",
          "url": "https://tidelift.com/funding/github/npm/postcss"
        }
      ],
      "license": "MIT",
      "dependencies": {
        "nanoid": "^3.3.4",
        "picocolors": "^1.0.0",
        "source-map-js": "^1.0.2"
      },
      "engines": {
        "node": "^10 || ^12 || >=14"
      }
    },
    "node_modules/protocol-buffers-schema": {
      "version": "3.6.0",
      "license": "MIT"
    },
    "node_modules/quick-lru": {
      "version": "6.1.1",
      "license": "MIT",
      "engines": {
        "node": ">=12"
      },
      "funding": {
        "url": "https://github.com/sponsors/sindresorhus"
      }
    },
    "node_modules/quickselect": {
      "version": "2.0.0",
      "license": "ISC"
    },
    "node_modules/rbush": {
      "version": "3.0.1",
      "license": "MIT",
      "dependencies": {
        "quickselect": "^2.0.0"
      }
    },
    "node_modules/resolve": {
      "version": "1.22.1",
      "dev": true,
      "license": "MIT",
      "dependencies": {
        "is-core-module": "^2.9.0",
        "path-parse": "^1.0.7",
        "supports-preserve-symlinks-flag": "^1.0.0"
      },
      "bin": {
        "resolve": "bin/resolve"
      },
      "funding": {
        "url": "https://github.com/sponsors/ljharb"
      }
    },
    "node_modules/resolve-protobuf-schema": {
      "version": "2.1.0",
      "license": "MIT",
      "dependencies": {
        "protocol-buffers-schema": "^3.3.1"
      }
    },
    "node_modules/rollup": {
      "version": "3.10.0",
      "dev": true,
      "license": "MIT",
      "bin": {
        "rollup": "dist/bin/rollup"
      },
      "engines": {
        "node": ">=14.18.0",
        "npm": ">=8.0.0"
      },
      "optionalDependencies": {
        "fsevents": "~2.3.2"
      }
    },
    "node_modules/rw": {
      "version": "1.3.3",
      "license": "BSD-3-Clause"
    },
    "node_modules/shapefile2geojson": {
      "version": "1.0.7",
      "resolved": "https://registry.npmjs.org/shapefile2geojson/-/shapefile2geojson-1.0.7.tgz",
      "integrity": "sha512-ueOrJ6xsuJyb78NcFHE77mqDZemZTTcSh6xI2LDkwLplqB6Afkiet1GNgvB/u2DH4jbRw9xTfAfuulxmrfDlnw==",
      "bin": {
        "shapefile2geojson": "dist/node/cli.js"
      }
    },
    "node_modules/sort-asc": {
      "version": "0.1.0",
      "engines": {
        "node": ">=0.10.0"
      }
    },
    "node_modules/sort-desc": {
      "version": "0.1.1",
      "engines": {
        "node": ">=0.10.0"
      }
    },
    "node_modules/sort-object": {
      "version": "0.3.2",
      "dependencies": {
        "sort-asc": "^0.1.0",
        "sort-desc": "^0.1.1"
      },
      "engines": {
        "node": ">=0.10.0"
      }
    },
    "node_modules/source-map-js": {
      "version": "1.0.2",
      "dev": true,
      "license": "BSD-3-Clause",
      "engines": {
        "node": ">=0.10.0"
      }
    },
    "node_modules/supports-preserve-symlinks-flag": {
      "version": "1.0.0",
      "dev": true,
      "license": "MIT",
      "engines": {
        "node": ">= 0.4"
      },
      "funding": {
        "url": "https://github.com/sponsors/ljharb"
      }
    },
    "node_modules/vite": {
      "version": "4.0.4",
      "dev": true,
      "license": "MIT",
      "dependencies": {
        "esbuild": "^0.16.3",
        "postcss": "^8.4.20",
        "resolve": "^1.22.1",
        "rollup": "^3.7.0"
      },
      "bin": {
        "vite": "bin/vite.js"
      },
      "engines": {
        "node": "^14.18.0 || >=16.0.0"
      },
      "optionalDependencies": {
        "fsevents": "~2.3.2"
      },
      "peerDependencies": {
        "@types/node": ">= 14",
        "less": "*",
        "sass": "*",
        "stylus": "*",
        "sugarss": "*",
        "terser": "^5.4.0"
      },
      "peerDependenciesMeta": {
        "@types/node": {
          "optional": true
        },
        "less": {
          "optional": true
        },
        "sass": {
          "optional": true
        },
        "stylus": {
          "optional": true
        },
        "sugarss": {
          "optional": true
        },
        "terser": {
          "optional": true
        }
      }
    },
    "node_modules/web-worker": {
      "version": "1.2.0",
      "license": "Apache-2.0"
    },
    "node_modules/xml-utils": {
      "version": "1.3.0",
      "license": "CC0-1.0"
    }
  },
  "dependencies": {
    "@esbuild/win32-x64": {
      "version": "0.16.17",
      "dev": true,
      "optional": true
    },
    "@kirtandesai/ol-geocoder": {
      "version": "5.0.6",
      "resolved": "https://registry.npmjs.org/@kirtandesai/ol-geocoder/-/ol-geocoder-5.0.6.tgz",
      "integrity": "sha512-BuyGST9PHTEB39NL5YiW3O0PvU3JUyzDDjVc2JriuvyREIoKJJ5szbwdRuvWoMnWRsiEhnTBypHD4/o8Ya2sYA==",
      "requires": {}
    },
    "@mapbox/jsonlint-lines-primitives": {
      "version": "2.0.2"
    },
    "@mapbox/mapbox-gl-style-spec": {
      "version": "13.28.0",
      "requires": {
        "@mapbox/jsonlint-lines-primitives": "~2.0.2",
        "@mapbox/point-geometry": "^0.1.0",
        "@mapbox/unitbezier": "^0.0.0",
        "csscolorparser": "~1.0.2",
        "json-stringify-pretty-compact": "^2.0.0",
        "minimist": "^1.2.6",
        "rw": "^1.3.3",
        "sort-object": "^0.3.2"
      }
    },
    "@mapbox/point-geometry": {
      "version": "0.1.0"
    },
    "@mapbox/unitbezier": {
      "version": "0.0.0"
    },
    "@petamoriken/float16": {
      "version": "3.7.1"
    },
    "csscolorparser": {
      "version": "1.0.3"
    },
    "earcut": {
      "version": "2.2.4"
    },
    "esbuild": {
      "version": "0.16.17",
      "dev": true,
      "requires": {
        "@esbuild/android-arm": "0.16.17",
        "@esbuild/android-arm64": "0.16.17",
        "@esbuild/android-x64": "0.16.17",
        "@esbuild/darwin-arm64": "0.16.17",
        "@esbuild/darwin-x64": "0.16.17",
        "@esbuild/freebsd-arm64": "0.16.17",
        "@esbuild/freebsd-x64": "0.16.17",
        "@esbuild/linux-arm": "0.16.17",
        "@esbuild/linux-arm64": "0.16.17",
        "@esbuild/linux-ia32": "0.16.17",
        "@esbuild/linux-loong64": "0.16.17",
        "@esbuild/linux-mips64el": "0.16.17",
        "@esbuild/linux-ppc64": "0.16.17",
        "@esbuild/linux-riscv64": "0.16.17",
        "@esbuild/linux-s390x": "0.16.17",
        "@esbuild/linux-x64": "0.16.17",
        "@esbuild/netbsd-x64": "0.16.17",
        "@esbuild/openbsd-x64": "0.16.17",
        "@esbuild/sunos-x64": "0.16.17",
        "@esbuild/win32-arm64": "0.16.17",
        "@esbuild/win32-ia32": "0.16.17",
        "@esbuild/win32-x64": "0.16.17"
      }
    },
    "function-bind": {
      "version": "1.1.1",
      "dev": true
    },
    "geotiff": {
      "version": "2.0.7",
      "requires": {
        "@petamoriken/float16": "^3.4.7",
        "lerc": "^3.0.0",
        "pako": "^2.0.4",
        "parse-headers": "^2.0.2",
        "quick-lru": "^6.1.1",
        "web-worker": "^1.2.0",
        "xml-utils": "^1.0.2"
      }
    },
    "has": {
      "version": "1.0.3",
      "dev": true,
      "requires": {
        "function-bind": "^1.1.1"
      }
    },
    "ieee754": {
      "version": "1.2.1"
    },
    "is-core-module": {
      "version": "2.9.0",
      "dev": true,
      "requires": {
        "has": "^1.0.3"
      }
    },
    "json-stringify-pretty-compact": {
      "version": "2.0.0"
    },
    "lerc": {
      "version": "3.0.0"
    },
    "mapbox-to-css-font": {
      "version": "2.4.2"
    },
    "minimist": {
      "version": "1.2.7"
    },
    "nanoid": {
      "version": "3.3.4",
      "dev": true
    },
    "ol": {
      "version": "7.2.2",
      "requires": {
        "earcut": "^2.2.3",
        "geotiff": "^2.0.7",
        "ol-mapbox-style": "^9.2.0",
        "pbf": "3.2.1",
        "rbush": "^3.0.1"
      }
    },
    "ol-geocoder": {
      "version": "4.1.2",
      "resolved": "https://registry.npmjs.org/ol-geocoder/-/ol-geocoder-4.1.2.tgz",
      "integrity": "sha512-QAXpZ04u/hbqjpYOQndN4TSbWyJesqRBLKdRcudILI/FtvvzSGqoJMQ9cnRggCo1tBLR6EXAuwdHH7Zytryrqg==",
      "requires": {}
    },
    "ol-mapbox-style": {
      "version": "9.4.0",
      "requires": {
        "@mapbox/mapbox-gl-style-spec": "^13.23.1",
        "mapbox-to-css-font": "^2.4.1"
      }
    },
    "pako": {
      "version": "2.1.0"
    },
    "parse-headers": {
      "version": "2.0.5"
    },
    "path-parse": {
      "version": "1.0.7",
      "dev": true
    },
    "pbf": {
      "version": "3.2.1",
      "requires": {
        "ieee754": "^1.1.12",
        "resolve-protobuf-schema": "^2.1.0"
      }
    },
    "picocolors": {
      "version": "1.0.0",
      "dev": true
    },
    "postcss": {
      "version": "8.4.21",
      "dev": true,
      "requires": {
        "nanoid": "^3.3.4",
        "picocolors": "^1.0.0",
        "source-map-js": "^1.0.2"
      }
    },
    "protocol-buffers-schema": {
      "version": "3.6.0"
    },
    "quick-lru": {
      "version": "6.1.1"
    },
    "quickselect": {
      "version": "2.0.0"
    },
    "rbush": {
      "version": "3.0.1",
      "requires": {
        "quickselect": "^2.0.0"
      }
    },
    "resolve": {
      "version": "1.22.1",
      "dev": true,
      "requires": {
        "is-core-module": "^2.9.0",
        "path-parse": "^1.0.7",
        "supports-preserve-symlinks-flag": "^1.0.0"
      }
    },
    "resolve-protobuf-schema": {
      "version": "2.1.0",
      "requires": {
        "protocol-buffers-schema": "^3.3.1"
      }
    },
    "rollup": {
      "version": "3.10.0",
      "dev": true,
      "requires": {
        "fsevents": "~2.3.2"
      }
    },
    "rw": {
      "version": "1.3.3"
    },
    "shapefile2geojson": {
      "version": "1.0.7",
      "resolved": "https://registry.npmjs.org/shapefile2geojson/-/shapefile2geojson-1.0.7.tgz",
      "integrity": "sha512-ueOrJ6xsuJyb78NcFHE77mqDZemZTTcSh6xI2LDkwLplqB6Afkiet1GNgvB/u2DH4jbRw9xTfAfuulxmrfDlnw=="
    },
    "sort-asc": {
      "version": "0.1.0"
    },
    "sort-desc": {
      "version": "0.1.1"
    },
    "sort-object": {
      "version": "0.3.2",
      "requires": {
        "sort-asc": "^0.1.0",
        "sort-desc": "^0.1.1"
      }
    },
    "source-map-js": {
      "version": "1.0.2",
      "dev": true
    },
    "supports-preserve-symlinks-flag": {
      "version": "1.0.0",
      "dev": true
    },
    "vite": {
      "version": "4.0.4",
      "dev": true,
      "requires": {
        "esbuild": "^0.16.3",
        "fsevents": "~2.3.2",
        "postcss": "^8.4.20",
        "resolve": "^1.22.1",
        "rollup": "^3.7.0"
      }
    },
    "web-worker": {
      "version": "1.2.0"
    },
    "xml-utils": {
      "version": "1.3.0"
    }
  }
}
